
Microsoft Visual Studio Solution File, Format Version 12.00
# Visual Studio Version 17
VisualStudioVersion = 17.10.35013.160
MinimumVisualStudioVersion = 10.0.40219.1
Project("{FAE04EC0-301F-11D3-BF4B-00C04F79EFBC}") = "ToDoList", "ToDoList\ToDoList.csproj", "{6B47A662-DF1C-436C-9FF1-550666155F91}"
EndProject
Global
	GlobalSection(SolutionConfigurationPlatforms) = preSolution
		Debug|Any CPU = Debug|Any CPU
		Release|Any CPU = Release|Any CPU
	EndGlobalSection
	GlobalSection(ProjectConfigurationPlatforms) = postSolution
		{6B47A662-DF1C-436C-9FF1-550666155F91}.Debug|Any CPU.ActiveCfg = Debug|Any CPU
		{6B47A662-DF1C-436C-9FF1-550666155F91}.Debug|Any CPU.Build.0 = Debug|Any CPU
		{6B47A662-DF1C-436C-9FF1-550666155F91}.Release|Any CPU.ActiveCfg = Release|Any CPU
		{6B47A662-DF1C-436C-9FF1-550666155F91}.Release|Any CPU.Build.0 = Release|Any CPU
	EndGlobalSection
	GlobalSection(SolutionProperties) = preSolution
		HideSolutionNode = FALSE
	EndGlobalSection
	GlobalSection(ExtensibilityGlobals) = postSolution
		SolutionGuid = {6FA09846-89EB-4CA6-BD9B-FE2122915642}
	EndGlobalSection
EndGlobal
